<?xml version="1.0" encoding="utf-8"?>
<Project ToolsVersion="4.0" xmlns="http://schemas.microsoft.com/developer/msbuild/2003">
  <ItemGroup>
    <ClCompile Include="src\main.cpp" />
    <ClCompile Include="src\Gameplay.cpp" />
    <ClCompile Include="src\EntityManager.cpp" />
    <ClCompile Include="src\Component.cpp" />
    <ClCompile Include="src\ComponentArray.cpp" />
    <ClCompile Include="header\Components\HealthComponent.cpp" />
    <ClCompile Include="header\Managers\PhysicSystem.cpp" />
    <ClCompile Include="header\Managers\CollisionSystem.cpp" />
    <ClCompile Include="src\ComponentManager.cpp" />
    <ClCompile Include="header\System.cpp" />
    <ClCompile Include="header\Managers\World.cpp" />
  </ItemGroup>
  <ItemGroup>
    <ClInclude Include="header\System.h" />
    <ClInclude Include="header\Components\HealthComponent.h" />
    <ClInclude Include="header\Managers\ComponentArray.h" />
    <ClInclude Include="header\Managers\EntityManager.h" />
    <ClInclude Include="header\Gameplay.h" />
    <ClInclude Include="header\Components\PositionComponent.h" />
    <ClInclude Include="header\Components\VelocityComponent.h" />
    <ClInclude Include="header\Components\CircleComponent.h" />
    <ClInclude Include="header\Managers\PhysicSystem.h" />
    <ClInclude Include="header\Managers\CollisionSystem.h" />
    <ClInclude Include="header\Components\ProjectileComponent.h" />
    <ClInclude Include="header\Components\TowerComponent.h" />
    <ClInclude Include="header\Managers\TowerSystem.h" />
    <ClInclude Include="header\Managers\World.h" />
    <ClInclude Include="header\Managers\ComponentManager.h" />
  </ItemGroup>
</Project>